
Microsoft Visual Studio Solution File, Format Version 12.00
# Visual Studio 14
VisualStudioVersion = 14.0.25420.1
MinimumVisualStudioVersion = 10.0.40219.1
Project("{FAE04EC0-301F-11D3-BF4B-00C04F79EFBC}") = "TS_IDCheck", "TS_IDCheck\TS_IDCheck.csproj", "{055983A4-2B4C-4C99-AA8B-DA76002DE52B}"
EndProject
Project("{FAE04EC0-301F-11D3-BF4B-00C04F79EFBC}") = "ToolConfig", "ToolConfig\ToolConfig.csproj", "{F4038DE5-1EEC-4B0A-AB0B-8963AB598B4A}"
EndProject
Project("{FAE04EC0-301F-11D3-BF4B-00C04F79EFBC}") = "Common", "Common\Common.csproj", "{2AAE7B7A-0DED-4480-B0C1-A21AFABFC200}"
EndProject
Project("{FAE04EC0-301F-11D3-BF4B-00C04F79EFBC}") = "TCPLibrary", "TCPLibrary\TCPLibrary.csproj", "{98CEFAF6-9E78-4DC2-A0B1-69AA7F9F6E21}"
EndProject
Project("{FAE04EC0-301F-11D3-BF4B-00C04F79EFBC}") = "doublescreen", "doublescreen\doublescreen.csproj", "{49821F92-7165-4C62-B501-24517011571F}"
EndProject
Project("{FAE04EC0-301F-11D3-BF4B-00C04F79EFBC}") = "WinMsgClient", "WinMsgClient\WinMsgClient.csproj", "{78D02925-A08F-4441-ABB3-CB63BD5003B1}"
EndProject
Project("{FAE04EC0-301F-11D3-BF4B-00C04F79EFBC}") = "WinMsgLibrary", "WinMsgLibrary\WinMsgLibrary.csproj", "{2296C7DB-AE64-483C-AF14-B24F650E5F9E}"
EndProject
Project("{FAE04EC0-301F-11D3-BF4B-00C04F79EFBC}") = "WinMsgServer", "WinMsgServer\WinMsgServer.csproj", "{31260E6C-581B-4D47-A77B-2924AE37DEAC}"
EndProject
Project("{2150E333-8FDC-42A3-9474-1A3956D46DE8}") = "TaiShou.DataConfig", "TaiShou.DataConfig", "{08FAB0C1-087C-426C-97EA-C483CAF9DC97}"
EndProject
Project("{FAE04EC0-301F-11D3-BF4B-00C04F79EFBC}") = "TaiShou.ConfigLoad", "TaiShou.DataConfig\TaiShou.ConfigLoad\TaiShou.ConfigLoad.csproj", "{02EEFC05-A54B-47E0-95E7-1D397917888A}"
EndProject
Project("{2150E333-8FDC-42A3-9474-1A3956D46DE8}") = "TaiShou.Module", "TaiShou.Module", "{5A35817A-E063-47CA-913D-A998DDDAD7D1}"
EndProject
Project("{FAE04EC0-301F-11D3-BF4B-00C04F79EFBC}") = "XinJiangSanSuo", "TaiShou.Module\XinJiangSanSuo\XinJiangSanSuo.csproj", "{E0377B4B-A52F-4366-91E8-EAA61E12F490}"
EndProject
Project("{2150E333-8FDC-42A3-9474-1A3956D46DE8}") = "TaiShou.Common", "TaiShou.Common", "{892F9277-5C96-48D0-A973-685162E35408}"
EndProject
Project("{FAE04EC0-301F-11D3-BF4B-00C04F79EFBC}") = "TaiShou.LogHelper", "TaiShou.Common\TaiShou.LogHelper\TaiShou.LogHelper.csproj", "{7E88FAE3-2B78-4A80-90B5-CC66747BC390}"
EndProject
Project("{FAE04EC0-301F-11D3-BF4B-00C04F79EFBC}") = "RestartApplication", "RestartApplication\RestartApplication.csproj", "{3AE808F5-52A4-473E-B1E9-99CBC64D34AA}"
EndProject
Project("{FAE04EC0-301F-11D3-BF4B-00C04F79EFBC}") = "ReadCardDemo", "ReadCardDemo\ReadCardDemo.csproj", "{A7DD8F48-5FF5-4A2C-A136-B110016AF4F3}"
EndProject
Project("{FAE04EC0-301F-11D3-BF4B-00C04F79EFBC}") = "WFReadCard", "WFReadCard\WFReadCard.csproj", "{7C1A0D60-CE05-422F-B6F1-8DAB4E2EFEE8}"
EndProject
Project("{FAE04EC0-301F-11D3-BF4B-00C04F79EFBC}") = "MySqlLibrary", "LibMysqlOperator\MySqlLibrary.csproj", "{61BF0E7F-CDA8-4A9A-86B4-4F3BB3848A5A}"
EndProject
Project("{2150E333-8FDC-42A3-9474-1A3956D46DE8}") = "LibExchangePlate", "LibExchangePlate", "{3810FF5F-37FD-4C90-9866-3A814AAE5229}"
EndProject
Project("{FAE04EC0-301F-11D3-BF4B-00C04F79EFBC}") = "LibExchangePlate_Abstract", "LibExchangePlate_Abstract\LibExchangePlate_Abstract.csproj", "{74EA8263-95B5-4CA5-8505-88B161B8B586}"
EndProject
Project("{FAE04EC0-301F-11D3-BF4B-00C04F79EFBC}") = "LibExchangePlate_TIANSHAN", "LibExchangePlate_TIANSHAN\LibExchangePlate_TIANSHAN.csproj", "{62EB02D7-C194-4531-A681-A13CDECAF625}"
EndProject
Project("{FAE04EC0-301F-11D3-BF4B-00C04F79EFBC}") = "LibExchangePlate_WZHXQ", "LibExchangePlate_WZHXQ\LibExchangePlate_WZHXQ.csproj", "{72BD912D-FEFE-4EFB-9316-E279C3510210}"
EndProject
Project("{FAE04EC0-301F-11D3-BF4B-00C04F79EFBC}") = "LibPlateFactory", "LibPlateFactory\LibPlateFactory.csproj", "{4F4C5969-174E-4045-B542-D2805D3CE255}"
EndProject
Project("{2150E333-8FDC-42A3-9474-1A3956D46DE8}") = "ExeDevice", "ExeDevice", "{8A6F1FE5-631C-4F8E-86AB-66E7478A0F93}"
EndProject
Project("{FAE04EC0-301F-11D3-BF4B-00C04F79EFBC}") = "ExeReadPassport630", "ExeReadPassport630\ExeReadPassport630.csproj", "{64436E7F-CF25-4854-BD68-7568D9093E29}"
EndProject
Project("{8BC9CEB8-8B4A-11D0-8D11-00A0C91BC942}") = "GetTicketLib", "GetTicketLib\GetTicketLib.vcxproj", "{3AD58C20-12D7-4E8E-B841-4C3B405DC639}"
EndProject
Project("{FAE04EC0-301F-11D3-BF4B-00C04F79EFBC}") = "WindowsFormsApplication1", "WindowsFormsApplication1\WindowsFormsApplication1.csproj", "{C7CC2F68-F509-4F35-98CB-DD470BFBEDA3}"
EndProject
Project("{FAE04EC0-301F-11D3-BF4B-00C04F79EFBC}") = "ToolPlaySoundMp3", "ToolPlaySoundMp3\ToolPlaySoundMp3.csproj", "{6E981CC6-3B69-4391-9443-75AB289BEABA}"
EndProject
Global
	GlobalSection(SolutionConfigurationPlatforms) = preSolution
		Debug|Any CPU = Debug|Any CPU
		Debug|x64 = Debug|x64
		Debug|x86 = Debug|x86
		Release|Any CPU = Release|Any CPU
		Release|x64 = Release|x64
		Release|x86 = Release|x86
	EndGlobalSection
	GlobalSection(ProjectConfigurationPlatforms) = postSolution
		{055983A4-2B4C-4C99-AA8B-DA76002DE52B}.Debug|Any CPU.ActiveCfg = Debug|Any CPU
		{055983A4-2B4C-4C99-AA8B-DA76002DE52B}.Debug|Any CPU.Build.0 = Debug|Any CPU
		{055983A4-2B4C-4C99-AA8B-DA76002DE52B}.Debug|x64.ActiveCfg = Debug|x64
		{055983A4-2B4C-4C99-AA8B-DA76002DE52B}.Debug|x64.Build.0 = Debug|x64
		{055983A4-2B4C-4C99-AA8B-DA76002DE52B}.Debug|x86.ActiveCfg = Debug|Any CPU
		{055983A4-2B4C-4C99-AA8B-DA76002DE52B}.Debug|x86.Build.0 = Debug|Any CPU
		{055983A4-2B4C-4C99-AA8B-DA76002DE52B}.Release|Any CPU.ActiveCfg = Release|Any CPU
		{055983A4-2B4C-4C99-AA8B-DA76002DE52B}.Release|Any CPU.Build.0 = Release|Any CPU
		{055983A4-2B4C-4C99-AA8B-DA76002DE52B}.Release|x64.ActiveCfg = Release|x64
		{055983A4-2B4C-4C99-AA8B-DA76002DE52B}.Release|x64.Build.0 = Release|x64
		{055983A4-2B4C-4C99-AA8B-DA76002DE52B}.Release|x86.ActiveCfg = Release|Any CPU
		{055983A4-2B4C-4C99-AA8B-DA76002DE52B}.Release|x86.Build.0 = Release|Any CPU
		{F4038DE5-1EEC-4B0A-AB0B-8963AB598B4A}.Debug|Any CPU.ActiveCfg = Debug|Any CPU
		{F4038DE5-1EEC-4B0A-AB0B-8963AB598B4A}.Debug|Any CPU.Build.0 = Debug|Any CPU
		{F4038DE5-1EEC-4B0A-AB0B-8963AB598B4A}.Debug|x64.ActiveCfg = Debug|Any CPU
		{F4038DE5-1EEC-4B0A-AB0B-8963AB598B4A}.Debug|x64.Build.0 = Debug|Any CPU
		{F4038DE5-1EEC-4B0A-AB0B-8963AB598B4A}.Debug|x86.ActiveCfg = Debug|Any CPU
		{F4038DE5-1EEC-4B0A-AB0B-8963AB598B4A}.Debug|x86.Build.0 = Debug|Any CPU
		{F4038DE5-1EEC-4B0A-AB0B-8963AB598B4A}.Release|Any CPU.ActiveCfg = Release|Any CPU
		{F4038DE5-1EEC-4B0A-AB0B-8963AB598B4A}.Release|Any CPU.Build.0 = Release|Any CPU
		{F4038DE5-1EEC-4B0A-AB0B-8963AB598B4A}.Release|x64.ActiveCfg = Release|Any CPU
		{F4038DE5-1EEC-4B0A-AB0B-8963AB598B4A}.Release|x64.Build.0 = Release|Any CPU
		{F4038DE5-1EEC-4B0A-AB0B-8963AB598B4A}.Release|x86.ActiveCfg = Release|Any CPU
		{F4038DE5-1EEC-4B0A-AB0B-8963AB598B4A}.Release|x86.Build.0 = Release|Any CPU
		{2AAE7B7A-0DED-4480-B0C1-A21AFABFC200}.Debug|Any CPU.ActiveCfg = Debug|Any CPU
		{2AAE7B7A-0DED-4480-B0C1-A21AFABFC200}.Debug|Any CPU.Build.0 = Debug|Any CPU
		{2AAE7B7A-0DED-4480-B0C1-A21AFABFC200}.Debug|x64.ActiveCfg = Debug|x64
		{2AAE7B7A-0DED-4480-B0C1-A21AFABFC200}.Debug|x64.Build.0 = Debug|x64
		{2AAE7B7A-0DED-4480-B0C1-A21AFABFC200}.Debug|x86.ActiveCfg = Debug|Any CPU
		{2AAE7B7A-0DED-4480-B0C1-A21AFABFC200}.Debug|x86.Build.0 = Debug|Any CPU
		{2AAE7B7A-0DED-4480-B0C1-A21AFABFC200}.Release|Any CPU.ActiveCfg = Release|Any CPU
		{2AAE7B7A-0DED-4480-B0C1-A21AFABFC200}.Release|Any CPU.Build.0 = Release|Any CPU
		{2AAE7B7A-0DED-4480-B0C1-A21AFABFC200}.Release|x64.ActiveCfg = Release|Any CPU
		{2AAE7B7A-0DED-4480-B0C1-A21AFABFC200}.Release|x64.Build.0 = Release|Any CPU
		{2AAE7B7A-0DED-4480-B0C1-A21AFABFC200}.Release|x86.ActiveCfg = Release|Any CPU
		{2AAE7B7A-0DED-4480-B0C1-A21AFABFC200}.Release|x86.Build.0 = Release|Any CPU
		{98CEFAF6-9E78-4DC2-A0B1-69AA7F9F6E21}.Debug|Any CPU.ActiveCfg = Debug|Any CPU
		{98CEFAF6-9E78-4DC2-A0B1-69AA7F9F6E21}.Debug|Any CPU.Build.0 = Debug|Any CPU
		{98CEFAF6-9E78-4DC2-A0B1-69AA7F9F6E21}.Debug|x64.ActiveCfg = Debug|x64
		{98CEFAF6-9E78-4DC2-A0B1-69AA7F9F6E21}.Debug|x64.Build.0 = Debug|x64
		{98CEFAF6-9E78-4DC2-A0B1-69AA7F9F6E21}.Debug|x86.ActiveCfg = Debug|Any CPU
		{98CEFAF6-9E78-4DC2-A0B1-69AA7F9F6E21}.Debug|x86.Build.0 = Debug|Any CPU
		{98CEFAF6-9E78-4DC2-A0B1-69AA7F9F6E21}.Release|Any CPU.ActiveCfg = Release|Any CPU
		{98CEFAF6-9E78-4DC2-A0B1-69AA7F9F6E21}.Release|Any CPU.Build.0 = Release|Any CPU
		{98CEFAF6-9E78-4DC2-A0B1-69AA7F9F6E21}.Release|x64.ActiveCfg = Release|x64
		{98CEFAF6-9E78-4DC2-A0B1-69AA7F9F6E21}.Release|x64.Build.0 = Release|x64
		{98CEFAF6-9E78-4DC2-A0B1-69AA7F9F6E21}.Release|x86.ActiveCfg = Release|Any CPU
		{98CEFAF6-9E78-4DC2-A0B1-69AA7F9F6E21}.Release|x86.Build.0 = Release|Any CPU
		{49821F92-7165-4C62-B501-24517011571F}.Debug|Any CPU.ActiveCfg = Debug|Any CPU
		{49821F92-7165-4C62-B501-24517011571F}.Debug|Any CPU.Build.0 = Debug|Any CPU
		{49821F92-7165-4C62-B501-24517011571F}.Debug|x64.ActiveCfg = Debug|Any CPU
		{49821F92-7165-4C62-B501-24517011571F}.Debug|x64.Build.0 = Debug|Any CPU
		{49821F92-7165-4C62-B501-24517011571F}.Debug|x86.ActiveCfg = Debug|Any CPU
		{49821F92-7165-4C62-B501-24517011571F}.Debug|x86.Build.0 = Debug|Any CPU
		{49821F92-7165-4C62-B501-24517011571F}.Release|Any CPU.ActiveCfg = Release|Any CPU
		{49821F92-7165-4C62-B501-24517011571F}.Release|Any CPU.Build.0 = Release|Any CPU
		{49821F92-7165-4C62-B501-24517011571F}.Release|x64.ActiveCfg = Release|Any CPU
		{49821F92-7165-4C62-B501-24517011571F}.Release|x64.Build.0 = Release|Any CPU
		{49821F92-7165-4C62-B501-24517011571F}.Release|x86.ActiveCfg = Release|Any CPU
		{49821F92-7165-4C62-B501-24517011571F}.Release|x86.Build.0 = Release|Any CPU
		{78D02925-A08F-4441-ABB3-CB63BD5003B1}.Debug|Any CPU.ActiveCfg = Debug|Any CPU
		{78D02925-A08F-4441-ABB3-CB63BD5003B1}.Debug|Any CPU.Build.0 = Debug|Any CPU
		{78D02925-A08F-4441-ABB3-CB63BD5003B1}.Debug|x64.ActiveCfg = Debug|Any CPU
		{78D02925-A08F-4441-ABB3-CB63BD5003B1}.Debug|x64.Build.0 = Debug|Any CPU
		{78D02925-A08F-4441-ABB3-CB63BD5003B1}.Debug|x86.ActiveCfg = Debug|Any CPU
		{78D02925-A08F-4441-ABB3-CB63BD5003B1}.Debug|x86.Build.0 = Debug|Any CPU
		{78D02925-A08F-4441-ABB3-CB63BD5003B1}.Release|Any CPU.ActiveCfg = Release|Any CPU
		{78D02925-A08F-4441-ABB3-CB63BD5003B1}.Release|Any CPU.Build.0 = Release|Any CPU
		{78D02925-A08F-4441-ABB3-CB63BD5003B1}.Release|x64.ActiveCfg = Release|Any CPU
		{78D02925-A08F-4441-ABB3-CB63BD5003B1}.Release|x64.Build.0 = Release|Any CPU
		{78D02925-A08F-4441-ABB3-CB63BD5003B1}.Release|x86.ActiveCfg = Release|Any CPU
		{78D02925-A08F-4441-ABB3-CB63BD5003B1}.Release|x86.Build.0 = Release|Any CPU
		{2296C7DB-AE64-483C-AF14-B24F650E5F9E}.Debug|Any CPU.ActiveCfg = Debug|Any CPU
		{2296C7DB-AE64-483C-AF14-B24F650E5F9E}.Debug|Any CPU.Build.0 = Debug|Any CPU
		{2296C7DB-AE64-483C-AF14-B24F650E5F9E}.Debug|x64.ActiveCfg = Debug|Any CPU
		{2296C7DB-AE64-483C-AF14-B24F650E5F9E}.Debug|x64.Build.0 = Debug|Any CPU
		{2296C7DB-AE64-483C-AF14-B24F650E5F9E}.Debug|x86.ActiveCfg = Debug|Any CPU
		{2296C7DB-AE64-483C-AF14-B24F650E5F9E}.Debug|x86.Build.0 = Debug|Any CPU
		{2296C7DB-AE64-483C-AF14-B24F650E5F9E}.Release|Any CPU.ActiveCfg = Release|Any CPU
		{2296C7DB-AE64-483C-AF14-B24F650E5F9E}.Release|Any CPU.Build.0 = Release|Any CPU
		{2296C7DB-AE64-483C-AF14-B24F650E5F9E}.Release|x64.ActiveCfg = Release|Any CPU
		{2296C7DB-AE64-483C-AF14-B24F650E5F9E}.Release|x64.Build.0 = Release|Any CPU
		{2296C7DB-AE64-483C-AF14-B24F650E5F9E}.Release|x86.ActiveCfg = Release|Any CPU
		{2296C7DB-AE64-483C-AF14-B24F650E5F9E}.Release|x86.Build.0 = Release|Any CPU
		{31260E6C-581B-4D47-A77B-2924AE37DEAC}.Debug|Any CPU.ActiveCfg = Debug|Any CPU
		{31260E6C-581B-4D47-A77B-2924AE37DEAC}.Debug|Any CPU.Build.0 = Debug|Any CPU
		{31260E6C-581B-4D47-A77B-2924AE37DEAC}.Debug|x64.ActiveCfg = Debug|Any CPU
		{31260E6C-581B-4D47-A77B-2924AE37DEAC}.Debug|x64.Build.0 = Debug|Any CPU
		{31260E6C-581B-4D47-A77B-2924AE37DEAC}.Debug|x86.ActiveCfg = Debug|Any CPU
		{31260E6C-581B-4D47-A77B-2924AE37DEAC}.Debug|x86.Build.0 = Debug|Any CPU
		{31260E6C-581B-4D47-A77B-2924AE37DEAC}.Release|Any CPU.ActiveCfg = Release|Any CPU
		{31260E6C-581B-4D47-A77B-2924AE37DEAC}.Release|Any CPU.Build.0 = Release|Any CPU
		{31260E6C-581B-4D47-A77B-2924AE37DEAC}.Release|x64.ActiveCfg = Release|Any CPU
		{31260E6C-581B-4D47-A77B-2924AE37DEAC}.Release|x64.Build.0 = Release|Any CPU
		{31260E6C-581B-4D47-A77B-2924AE37DEAC}.Release|x86.ActiveCfg = Release|Any CPU
		{31260E6C-581B-4D47-A77B-2924AE37DEAC}.Release|x86.Build.0 = Release|Any CPU
		{02EEFC05-A54B-47E0-95E7-1D397917888A}.Debug|Any CPU.ActiveCfg = Debug|Any CPU
		{02EEFC05-A54B-47E0-95E7-1D397917888A}.Debug|Any CPU.Build.0 = Debug|Any CPU
		{02EEFC05-A54B-47E0-95E7-1D397917888A}.Debug|x64.ActiveCfg = Debug|Any CPU
		{02EEFC05-A54B-47E0-95E7-1D397917888A}.Debug|x64.Build.0 = Debug|Any CPU
		{02EEFC05-A54B-47E0-95E7-1D397917888A}.Debug|x86.ActiveCfg = Debug|Any CPU
		{02EEFC05-A54B-47E0-95E7-1D397917888A}.Debug|x86.Build.0 = Debug|Any CPU
		{02EEFC05-A54B-47E0-95E7-1D397917888A}.Release|Any CPU.ActiveCfg = Release|Any CPU
		{02EEFC05-A54B-47E0-95E7-1D397917888A}.Release|Any CPU.Build.0 = Release|Any CPU
		{02EEFC05-A54B-47E0-95E7-1D397917888A}.Release|x64.ActiveCfg = Release|Any CPU
		{02EEFC05-A54B-47E0-95E7-1D397917888A}.Release|x64.Build.0 = Release|Any CPU
		{02EEFC05-A54B-47E0-95E7-1D397917888A}.Release|x86.ActiveCfg = Release|Any CPU
		{02EEFC05-A54B-47E0-95E7-1D397917888A}.Release|x86.Build.0 = Release|Any CPU
		{E0377B4B-A52F-4366-91E8-EAA61E12F490}.Debug|Any CPU.ActiveCfg = Debug|Any CPU
		{E0377B4B-A52F-4366-91E8-EAA61E12F490}.Debug|Any CPU.Build.0 = Debug|Any CPU
		{E0377B4B-A52F-4366-91E8-EAA61E12F490}.Debug|x64.ActiveCfg = Debug|Any CPU
		{E0377B4B-A52F-4366-91E8-EAA61E12F490}.Debug|x64.Build.0 = Debug|Any CPU
		{E0377B4B-A52F-4366-91E8-EAA61E12F490}.Debug|x86.ActiveCfg = Debug|Any CPU
		{E0377B4B-A52F-4366-91E8-EAA61E12F490}.Debug|x86.Build.0 = Debug|Any CPU
		{E0377B4B-A52F-4366-91E8-EAA61E12F490}.Release|Any CPU.ActiveCfg = Release|Any CPU
		{E0377B4B-A52F-4366-91E8-EAA61E12F490}.Release|Any CPU.Build.0 = Release|Any CPU
		{E0377B4B-A52F-4366-91E8-EAA61E12F490}.Release|x64.ActiveCfg = Release|Any CPU
		{E0377B4B-A52F-4366-91E8-EAA61E12F490}.Release|x64.Build.0 = Release|Any CPU
		{E0377B4B-A52F-4366-91E8-EAA61E12F490}.Release|x86.ActiveCfg = Release|Any CPU
		{E0377B4B-A52F-4366-91E8-EAA61E12F490}.Release|x86.Build.0 = Release|Any CPU
		{7E88FAE3-2B78-4A80-90B5-CC66747BC390}.Debug|Any CPU.ActiveCfg = Debug|Any CPU
		{7E88FAE3-2B78-4A80-90B5-CC66747BC390}.Debug|Any CPU.Build.0 = Debug|Any CPU
		{7E88FAE3-2B78-4A80-90B5-CC66747BC390}.Debug|x64.ActiveCfg = Debug|Any CPU
		{7E88FAE3-2B78-4A80-90B5-CC66747BC390}.Debug|x64.Build.0 = Debug|Any CPU
		{7E88FAE3-2B78-4A80-90B5-CC66747BC390}.Debug|x86.ActiveCfg = Debug|Any CPU
		{7E88FAE3-2B78-4A80-90B5-CC66747BC390}.Debug|x86.Build.0 = Debug|Any CPU
		{7E88FAE3-2B78-4A80-90B5-CC66747BC390}.Release|Any CPU.ActiveCfg = Release|Any CPU
		{7E88FAE3-2B78-4A80-90B5-CC66747BC390}.Release|Any CPU.Build.0 = Release|Any CPU
		{7E88FAE3-2B78-4A80-90B5-CC66747BC390}.Release|x64.ActiveCfg = Release|Any CPU
		{7E88FAE3-2B78-4A80-90B5-CC66747BC390}.Release|x64.Build.0 = Release|Any CPU
		{7E88FAE3-2B78-4A80-90B5-CC66747BC390}.Release|x86.ActiveCfg = Release|Any CPU
		{7E88FAE3-2B78-4A80-90B5-CC66747BC390}.Release|x86.Build.0 = Release|Any CPU
		{3AE808F5-52A4-473E-B1E9-99CBC64D34AA}.Debug|Any CPU.ActiveCfg = Debug|Any CPU
		{3AE808F5-52A4-473E-B1E9-99CBC64D34AA}.Debug|Any CPU.Build.0 = Debug|Any CPU
		{3AE808F5-52A4-473E-B1E9-99CBC64D34AA}.Debug|x64.ActiveCfg = Debug|Any CPU
		{3AE808F5-52A4-473E-B1E9-99CBC64D34AA}.Debug|x64.Build.0 = Debug|Any CPU
		{3AE808F5-52A4-473E-B1E9-99CBC64D34AA}.Debug|x86.ActiveCfg = Debug|Any CPU
		{3AE808F5-52A4-473E-B1E9-99CBC64D34AA}.Debug|x86.Build.0 = Debug|Any CPU
		{3AE808F5-52A4-473E-B1E9-99CBC64D34AA}.Release|Any CPU.ActiveCfg = Release|Any CPU
		{3AE808F5-52A4-473E-B1E9-99CBC64D34AA}.Release|Any CPU.Build.0 = Release|Any CPU
		{3AE808F5-52A4-473E-B1E9-99CBC64D34AA}.Release|x64.ActiveCfg = Release|Any CPU
		{3AE808F5-52A4-473E-B1E9-99CBC64D34AA}.Release|x64.Build.0 = Release|Any CPU
		{3AE808F5-52A4-473E-B1E9-99CBC64D34AA}.Release|x86.ActiveCfg = Release|Any CPU
		{3AE808F5-52A4-473E-B1E9-99CBC64D34AA}.Release|x86.Build.0 = Release|Any CPU
		{A7DD8F48-5FF5-4A2C-A136-B110016AF4F3}.Debug|Any CPU.ActiveCfg = Debug|Any CPU
		{A7DD8F48-5FF5-4A2C-A136-B110016AF4F3}.Debug|Any CPU.Build.0 = Debug|Any CPU
		{A7DD8F48-5FF5-4A2C-A136-B110016AF4F3}.Debug|x64.ActiveCfg = Debug|Any CPU
		{A7DD8F48-5FF5-4A2C-A136-B110016AF4F3}.Debug|x64.Build.0 = Debug|Any CPU
		{A7DD8F48-5FF5-4A2C-A136-B110016AF4F3}.Debug|x86.ActiveCfg = Debug|Any CPU
		{A7DD8F48-5FF5-4A2C-A136-B110016AF4F3}.Debug|x86.Build.0 = Debug|Any CPU
		{A7DD8F48-5FF5-4A2C-A136-B110016AF4F3}.Release|Any CPU.ActiveCfg = Release|Any CPU
		{A7DD8F48-5FF5-4A2C-A136-B110016AF4F3}.Release|Any CPU.Build.0 = Release|Any CPU
		{A7DD8F48-5FF5-4A2C-A136-B110016AF4F3}.Release|x64.ActiveCfg = Release|Any CPU
		{A7DD8F48-5FF5-4A2C-A136-B110016AF4F3}.Release|x64.Build.0 = Release|Any CPU
		{A7DD8F48-5FF5-4A2C-A136-B110016AF4F3}.Release|x86.ActiveCfg = Release|Any CPU
		{A7DD8F48-5FF5-4A2C-A136-B110016AF4F3}.Release|x86.Build.0 = Release|Any CPU
		{7C1A0D60-CE05-422F-B6F1-8DAB4E2EFEE8}.Debug|Any CPU.ActiveCfg = Debug|Any CPU
		{7C1A0D60-CE05-422F-B6F1-8DAB4E2EFEE8}.Debug|Any CPU.Build.0 = Debug|Any CPU
		{7C1A0D60-CE05-422F-B6F1-8DAB4E2EFEE8}.Debug|x64.ActiveCfg = Debug|Any CPU
		{7C1A0D60-CE05-422F-B6F1-8DAB4E2EFEE8}.Debug|x64.Build.0 = Debug|Any CPU
		{7C1A0D60-CE05-422F-B6F1-8DAB4E2EFEE8}.Debug|x86.ActiveCfg = Debug|Any CPU
		{7C1A0D60-CE05-422F-B6F1-8DAB4E2EFEE8}.Debug|x86.Build.0 = Debug|Any CPU
		{7C1A0D60-CE05-422F-B6F1-8DAB4E2EFEE8}.Release|Any CPU.ActiveCfg = Release|Any CPU
		{7C1A0D60-CE05-422F-B6F1-8DAB4E2EFEE8}.Release|Any CPU.Build.0 = Release|Any CPU
		{7C1A0D60-CE05-422F-B6F1-8DAB4E2EFEE8}.Release|x64.ActiveCfg = Release|Any CPU
		{7C1A0D60-CE05-422F-B6F1-8DAB4E2EFEE8}.Release|x64.Build.0 = Release|Any CPU
		{7C1A0D60-CE05-422F-B6F1-8DAB4E2EFEE8}.Release|x86.ActiveCfg = Release|Any CPU
		{7C1A0D60-CE05-422F-B6F1-8DAB4E2EFEE8}.Release|x86.Build.0 = Release|Any CPU
		{61BF0E7F-CDA8-4A9A-86B4-4F3BB3848A5A}.Debug|Any CPU.ActiveCfg = Debug|Any CPU
		{61BF0E7F-CDA8-4A9A-86B4-4F3BB3848A5A}.Debug|Any CPU.Build.0 = Debug|Any CPU
		{61BF0E7F-CDA8-4A9A-86B4-4F3BB3848A5A}.Debug|x64.ActiveCfg = Debug|x64
		{61BF0E7F-CDA8-4A9A-86B4-4F3BB3848A5A}.Debug|x64.Build.0 = Debug|x64
		{61BF0E7F-CDA8-4A9A-86B4-4F3BB3848A5A}.Debug|x86.ActiveCfg = Debug|Any CPU
		{61BF0E7F-CDA8-4A9A-86B4-4F3BB3848A5A}.Debug|x86.Build.0 = Debug|Any CPU
		{61BF0E7F-CDA8-4A9A-86B4-4F3BB3848A5A}.Release|Any CPU.ActiveCfg = Release|Any CPU
		{61BF0E7F-CDA8-4A9A-86B4-4F3BB3848A5A}.Release|Any CPU.Build.0 = Release|Any CPU
		{61BF0E7F-CDA8-4A9A-86B4-4F3BB3848A5A}.Release|x64.ActiveCfg = Release|Any CPU
		{61BF0E7F-CDA8-4A9A-86B4-4F3BB3848A5A}.Release|x64.Build.0 = Release|Any CPU
		{61BF0E7F-CDA8-4A9A-86B4-4F3BB3848A5A}.Release|x86.ActiveCfg = Release|Any CPU
		{61BF0E7F-CDA8-4A9A-86B4-4F3BB3848A5A}.Release|x86.Build.0 = Release|Any CPU
		{74EA8263-95B5-4CA5-8505-88B161B8B586}.Debug|Any CPU.ActiveCfg = Debug|Any CPU
		{74EA8263-95B5-4CA5-8505-88B161B8B586}.Debug|Any CPU.Build.0 = Debug|Any CPU
		{74EA8263-95B5-4CA5-8505-88B161B8B586}.Debug|x64.ActiveCfg = Debug|x64
		{74EA8263-95B5-4CA5-8505-88B161B8B586}.Debug|x64.Build.0 = Debug|x64
		{74EA8263-95B5-4CA5-8505-88B161B8B586}.Debug|x86.ActiveCfg = Debug|Any CPU
		{74EA8263-95B5-4CA5-8505-88B161B8B586}.Debug|x86.Build.0 = Debug|Any CPU
		{74EA8263-95B5-4CA5-8505-88B161B8B586}.Release|Any CPU.ActiveCfg = Release|Any CPU
		{74EA8263-95B5-4CA5-8505-88B161B8B586}.Release|Any CPU.Build.0 = Release|Any CPU
		{74EA8263-95B5-4CA5-8505-88B161B8B586}.Release|x64.ActiveCfg = Release|Any CPU
		{74EA8263-95B5-4CA5-8505-88B161B8B586}.Release|x64.Build.0 = Release|Any CPU
		{74EA8263-95B5-4CA5-8505-88B161B8B586}.Release|x86.ActiveCfg = Release|Any CPU
		{74EA8263-95B5-4CA5-8505-88B161B8B586}.Release|x86.Build.0 = Release|Any CPU
		{62EB02D7-C194-4531-A681-A13CDECAF625}.Debug|Any CPU.ActiveCfg = Debug|Any CPU
		{62EB02D7-C194-4531-A681-A13CDECAF625}.Debug|Any CPU.Build.0 = Debug|Any CPU
		{62EB02D7-C194-4531-A681-A13CDECAF625}.Debug|x64.ActiveCfg = Debug|x64
		{62EB02D7-C194-4531-A681-A13CDECAF625}.Debug|x64.Build.0 = Debug|x64
		{62EB02D7-C194-4531-A681-A13CDECAF625}.Debug|x86.ActiveCfg = Debug|Any CPU
		{62EB02D7-C194-4531-A681-A13CDECAF625}.Debug|x86.Build.0 = Debug|Any CPU
		{62EB02D7-C194-4531-A681-A13CDECAF625}.Release|Any CPU.ActiveCfg = Release|Any CPU
		{62EB02D7-C194-4531-A681-A13CDECAF625}.Release|Any CPU.Build.0 = Release|Any CPU
		{62EB02D7-C194-4531-A681-A13CDECAF625}.Release|x64.ActiveCfg = Release|Any CPU
		{62EB02D7-C194-4531-A681-A13CDECAF625}.Release|x64.Build.0 = Release|Any CPU
		{62EB02D7-C194-4531-A681-A13CDECAF625}.Release|x86.ActiveCfg = Release|Any CPU
		{62EB02D7-C194-4531-A681-A13CDECAF625}.Release|x86.Build.0 = Release|Any CPU
		{72BD912D-FEFE-4EFB-9316-E279C3510210}.Debug|Any CPU.ActiveCfg = Debug|Any CPU
		{72BD912D-FEFE-4EFB-9316-E279C3510210}.Debug|Any CPU.Build.0 = Debug|Any CPU
		{72BD912D-FEFE-4EFB-9316-E279C3510210}.Debug|x64.ActiveCfg = Debug|x64
		{72BD912D-FEFE-4EFB-9316-E279C3510210}.Debug|x64.Build.0 = Debug|x64
		{72BD912D-FEFE-4EFB-9316-E279C3510210}.Debug|x86.ActiveCfg = Debug|Any CPU
		{72BD912D-FEFE-4EFB-9316-E279C3510210}.Debug|x86.Build.0 = Debug|Any CPU
		{72BD912D-FEFE-4EFB-9316-E279C3510210}.Release|Any CPU.ActiveCfg = Release|Any CPU
		{72BD912D-FEFE-4EFB-9316-E279C3510210}.Release|Any CPU.Build.0 = Release|Any CPU
		{72BD912D-FEFE-4EFB-9316-E279C3510210}.Release|x64.ActiveCfg = Release|Any CPU
		{72BD912D-FEFE-4EFB-9316-E279C3510210}.Release|x64.Build.0 = Release|Any CPU
		{72BD912D-FEFE-4EFB-9316-E279C3510210}.Release|x86.ActiveCfg = Release|Any CPU
		{72BD912D-FEFE-4EFB-9316-E279C3510210}.Release|x86.Build.0 = Release|Any CPU
		{4F4C5969-174E-4045-B542-D2805D3CE255}.Debug|Any CPU.ActiveCfg = Debug|Any CPU
		{4F4C5969-174E-4045-B542-D2805D3CE255}.Debug|Any CPU.Build.0 = Debug|Any CPU
		{4F4C5969-174E-4045-B542-D2805D3CE255}.Debug|x64.ActiveCfg = Debug|x64
		{4F4C5969-174E-4045-B542-D2805D3CE255}.Debug|x64.Build.0 = Debug|x64
		{4F4C5969-174E-4045-B542-D2805D3CE255}.Debug|x86.ActiveCfg = Debug|Any CPU
		{4F4C5969-174E-4045-B542-D2805D3CE255}.Debug|x86.Build.0 = Debug|Any CPU
		{4F4C5969-174E-4045-B542-D2805D3CE255}.Release|Any CPU.ActiveCfg = Release|Any CPU
		{4F4C5969-174E-4045-B542-D2805D3CE255}.Release|Any CPU.Build.0 = Release|Any CPU
		{4F4C5969-174E-4045-B542-D2805D3CE255}.Release|x64.ActiveCfg = Release|Any CPU
		{4F4C5969-174E-4045-B542-D2805D3CE255}.Release|x64.Build.0 = Release|Any CPU
		{4F4C5969-174E-4045-B542-D2805D3CE255}.Release|x86.ActiveCfg = Release|Any CPU
		{4F4C5969-174E-4045-B542-D2805D3CE255}.Release|x86.Build.0 = Release|Any CPU
		{64436E7F-CF25-4854-BD68-7568D9093E29}.Debug|Any CPU.ActiveCfg = Debug|Any CPU
		{64436E7F-CF25-4854-BD68-7568D9093E29}.Debug|Any CPU.Build.0 = Debug|Any CPU
		{64436E7F-CF25-4854-BD68-7568D9093E29}.Debug|x64.ActiveCfg = Debug|Any CPU
		{64436E7F-CF25-4854-BD68-7568D9093E29}.Debug|x64.Build.0 = Debug|Any CPU
		{64436E7F-CF25-4854-BD68-7568D9093E29}.Debug|x86.ActiveCfg = Debug|Any CPU
		{64436E7F-CF25-4854-BD68-7568D9093E29}.Debug|x86.Build.0 = Debug|Any CPU
		{64436E7F-CF25-4854-BD68-7568D9093E29}.Release|Any CPU.ActiveCfg = Release|Any CPU
		{64436E7F-CF25-4854-BD68-7568D9093E29}.Release|Any CPU.Build.0 = Release|Any CPU
		{64436E7F-CF25-4854-BD68-7568D9093E29}.Release|x64.ActiveCfg = Release|x64
		{64436E7F-CF25-4854-BD68-7568D9093E29}.Release|x64.Build.0 = Release|x64
		{64436E7F-CF25-4854-BD68-7568D9093E29}.Release|x86.ActiveCfg = Release|Any CPU
		{64436E7F-CF25-4854-BD68-7568D9093E29}.Release|x86.Build.0 = Release|Any CPU
		{3AD58C20-12D7-4E8E-B841-4C3B405DC639}.Debug|Any CPU.ActiveCfg = Debug|Win32
		{3AD58C20-12D7-4E8E-B841-4C3B405DC639}.Debug|x64.ActiveCfg = Debug|x64
		{3AD58C20-12D7-4E8E-B841-4C3B405DC639}.Debug|x64.Build.0 = Debug|x64
		{3AD58C20-12D7-4E8E-B841-4C3B405DC639}.Debug|x86.ActiveCfg = Debug|Win32
		{3AD58C20-12D7-4E8E-B841-4C3B405DC639}.Debug|x86.Build.0 = Debug|Win32
		{3AD58C20-12D7-4E8E-B841-4C3B405DC639}.Release|Any CPU.ActiveCfg = Release|Win32
		{3AD58C20-12D7-4E8E-B841-4C3B405DC639}.Release|x64.ActiveCfg = Release|x64
		{3AD58C20-12D7-4E8E-B841-4C3B405DC639}.Release|x64.Build.0 = Release|x64
		{3AD58C20-12D7-4E8E-B841-4C3B405DC639}.Release|x86.ActiveCfg = Release|Win32
		{3AD58C20-12D7-4E8E-B841-4C3B405DC639}.Release|x86.Build.0 = Release|Win32
		{C7CC2F68-F509-4F35-98CB-DD470BFBEDA3}.Debug|Any CPU.ActiveCfg = Debug|Any CPU
		{C7CC2F68-F509-4F35-98CB-DD470BFBEDA3}.Debug|Any CPU.Build.0 = Debug|Any CPU
		{C7CC2F68-F509-4F35-98CB-DD470BFBEDA3}.Debug|x64.ActiveCfg = Debug|Any CPU
		{C7CC2F68-F509-4F35-98CB-DD470BFBEDA3}.Debug|x64.Build.0 = Debug|Any CPU
		{C7CC2F68-F509-4F35-98CB-DD470BFBEDA3}.Debug|x86.ActiveCfg = Debug|Any CPU
		{C7CC2F68-F509-4F35-98CB-DD470BFBEDA3}.Debug|x86.Build.0 = Debug|Any CPU
		{C7CC2F68-F509-4F35-98CB-DD470BFBEDA3}.Release|Any CPU.ActiveCfg = Release|Any CPU
		{C7CC2F68-F509-4F35-98CB-DD470BFBEDA3}.Release|Any CPU.Build.0 = Release|Any CPU
		{C7CC2F68-F509-4F35-98CB-DD470BFBEDA3}.Release|x64.ActiveCfg = Release|Any CPU
		{C7CC2F68-F509-4F35-98CB-DD470BFBEDA3}.Release|x64.Build.0 = Release|Any CPU
		{C7CC2F68-F509-4F35-98CB-DD470BFBEDA3}.Release|x86.ActiveCfg = Release|Any CPU
		{C7CC2F68-F509-4F35-98CB-DD470BFBEDA3}.Release|x86.Build.0 = Release|Any CPU
		{6E981CC6-3B69-4391-9443-75AB289BEABA}.Debug|Any CPU.ActiveCfg = Debug|Any CPU
		{6E981CC6-3B69-4391-9443-75AB289BEABA}.Debug|Any CPU.Build.0 = Debug|Any CPU
		{6E981CC6-3B69-4391-9443-75AB289BEABA}.Debug|x64.ActiveCfg = Debug|Any CPU
		{6E981CC6-3B69-4391-9443-75AB289BEABA}.Debug|x64.Build.0 = Debug|Any CPU
		{6E981CC6-3B69-4391-9443-75AB289BEABA}.Debug|x86.ActiveCfg = Debug|Any CPU
		{6E981CC6-3B69-4391-9443-75AB289BEABA}.Debug|x86.Build.0 = Debug|Any CPU
		{6E981CC6-3B69-4391-9443-75AB289BEABA}.Release|Any CPU.ActiveCfg = Release|Any CPU
		{6E981CC6-3B69-4391-9443-75AB289BEABA}.Release|Any CPU.Build.0 = Release|Any CPU
		{6E981CC6-3B69-4391-9443-75AB289BEABA}.Release|x64.ActiveCfg = Release|Any CPU
		{6E981CC6-3B69-4391-9443-75AB289BEABA}.Release|x64.Build.0 = Release|Any CPU
		{6E981CC6-3B69-4391-9443-75AB289BEABA}.Release|x86.ActiveCfg = Release|Any CPU
		{6E981CC6-3B69-4391-9443-75AB289BEABA}.Release|x86.Build.0 = Release|Any CPU
	EndGlobalSection
	GlobalSection(SolutionProperties) = preSolution
		HideSolutionNode = FALSE
	EndGlobalSection
	GlobalSection(NestedProjects) = preSolution
		{02EEFC05-A54B-47E0-95E7-1D397917888A} = {08FAB0C1-087C-426C-97EA-C483CAF9DC97}
		{E0377B4B-A52F-4366-91E8-EAA61E12F490} = {5A35817A-E063-47CA-913D-A998DDDAD7D1}
		{7E88FAE3-2B78-4A80-90B5-CC66747BC390} = {892F9277-5C96-48D0-A973-685162E35408}
		{74EA8263-95B5-4CA5-8505-88B161B8B586} = {3810FF5F-37FD-4C90-9866-3A814AAE5229}
		{62EB02D7-C194-4531-A681-A13CDECAF625} = {3810FF5F-37FD-4C90-9866-3A814AAE5229}
		{72BD912D-FEFE-4EFB-9316-E279C3510210} = {3810FF5F-37FD-4C90-9866-3A814AAE5229}
		{4F4C5969-174E-4045-B542-D2805D3CE255} = {3810FF5F-37FD-4C90-9866-3A814AAE5229}
		{64436E7F-CF25-4854-BD68-7568D9093E29} = {8A6F1FE5-631C-4F8E-86AB-66E7478A0F93}
		{3AD58C20-12D7-4E8E-B841-4C3B405DC639} = {8A6F1FE5-631C-4F8E-86AB-66E7478A0F93}
		{C7CC2F68-F509-4F35-98CB-DD470BFBEDA3} = {8A6F1FE5-631C-4F8E-86AB-66E7478A0F93}
		{6E981CC6-3B69-4391-9443-75AB289BEABA} = {8A6F1FE5-631C-4F8E-86AB-66E7478A0F93}
	EndGlobalSection
EndGlobal
